
Microsoft Visual Studio Solution File, Format Version 12.00
# Visual Studio Version 16
VisualStudioVersion = 16.0.31112.23
MinimumVisualStudioVersion = 10.0.40219.1
Project("{8BC9CEB8-8B4A-11D0-8D11-00A0C91BC942}") = "ConsoleApp 1", "ConsoleApp 1\ConsoleApp 1.vcxproj", "{E02434D0-DFF3-4BAB-B500-4F0F4B91CEDA}"
EndProject
Project("{8BC9CEB8-8B4A-11D0-8D11-00A0C91BC942}") = "Ints n' stuff", "Ints n' stuff\Ints n' stuff.vcxproj", "{BAD3A9D4-E983-4653-B349-82C84281A027}"
EndProject
Project("{8BC9CEB8-8B4A-11D0-8D11-00A0C91BC942}") = "A little division", "A little division\A little division.vcxproj", "{9174961E-BF6E-4ED8-8988-F6A4E10DFA11}"
EndProject
Project("{8BC9CEB8-8B4A-11D0-8D11-00A0C91BC942}") = "Variables and Constants", "Variables and Constants\Variables and Constants.vcxproj", "{4789CE5B-5588-46C7-808A-1122B79E888C}"
EndProject
Project("{8BC9CEB8-8B4A-11D0-8D11-00A0C91BC942}") = "dice n' stuff", "dice n' stuff\dice n' stuff.vcxproj", "{9583E893-87BA-4DFB-AAFB-3A3002065EBB}"
EndProject
Project("{8BC9CEB8-8B4A-11D0-8D11-00A0C91BC942}") = "Loops tests", "Loops tests\Loops tests.vcxproj", "{82F747A8-CA42-403B-BFA8-52439CC407E4}"
EndProject
Project("{8BC9CEB8-8B4A-11D0-8D11-00A0C91BC942}") = "Random numbers n'stuff", "Random numbers n'stuff\Random numbers n'stuff.vcxproj", "{7E713AD1-5DEF-4597-A042-028BC296511B}"
EndProject
Project("{8BC9CEB8-8B4A-11D0-8D11-00A0C91BC942}") = "Bus Charter", "Bus Charter\Bus Charter.vcxproj", "{01F2D997-25B1-4242-A9CC-C6617AAEDFF9}"
EndProject
Project("{8BC9CEB8-8B4A-11D0-8D11-00A0C91BC942}") = "RPG", "RPG\RPG.vcxproj", "{9EFAD642-8A16-4652-B314-A4257141D94B}"
EndProject
Project("{8BC9CEB8-8B4A-11D0-8D11-00A0C91BC942}") = "Science quiz", "Science quiz\Science quiz.vcxproj", "{994FBD73-EBFC-4E62-AE55-CF33325C2839}"
EndProject
Project("{8BC9CEB8-8B4A-11D0-8D11-00A0C91BC942}") = "Averages", "Averages\Averages.vcxproj", "{0E0E7C88-8E06-412C-85CE-42727D70CD8C}"
EndProject
Project("{8BC9CEB8-8B4A-11D0-8D11-00A0C91BC942}") = "Computer programing quiz", "Computer programing quiz\Computer programing quiz.vcxproj", "{4EE8ABFB-6AB5-4CBB-8BB2-16D2363839FE}"
EndProject
Project("{8BC9CEB8-8B4A-11D0-8D11-00A0C91BC942}") = "Choose your own adventuresss", "Choose your own adventuresss\Choose your own adventuresss.vcxproj", "{FA22DF4E-3E6E-4762-9A78-FDE9A7C6AA6C}"
EndProject
Project("{8BC9CEB8-8B4A-11D0-8D11-00A0C91BC942}") = "AscII art test", "AscII art test\AscII art test.vcxproj", "{261F99C7-C0A9-448B-826D-2651A4900D96}"
EndProject
Project("{8BC9CEB8-8B4A-11D0-8D11-00A0C91BC942}") = "merge test", "merge test\merge test.vcxproj", "{CF8CB6F8-213D-4B05-B534-60DA5166416E}"
EndProject
Project("{8BC9CEB8-8B4A-11D0-8D11-00A0C91BC942}") = "Maze", "Maze\Maze.vcxproj", "{16D24358-5019-4610-B511-9FD2DD8730B4}"
EndProject
Project("{8BC9CEB8-8B4A-11D0-8D11-00A0C91BC942}") = "Roman numbers 2", "Roman numbers 2\Roman numbers 2.vcxproj", "{BA046D0E-8EBE-4BAE-8123-A3EF977ED262}"
EndProject
Project("{8BC9CEB8-8B4A-11D0-8D11-00A0C91BC942}") = "I'm counting on you string", "I'm counting on you string\I'm counting on you string.vcxproj", "{3AC30E2E-C44A-4E6F-9970-4E7FC431B839}"
EndProject
Project("{8BC9CEB8-8B4A-11D0-8D11-00A0C91BC942}") = "ASCII Art animate", "ASCII Art animate\ASCII Art animate.vcxproj", "{5925A46C-67EE-49D0-B1F0-80C3267DBDD8}"
EndProject
Project("{8BC9CEB8-8B4A-11D0-8D11-00A0C91BC942}") = "Fruit loop maze", "Fruit loop maze\Fruit loop maze.vcxproj", "{1278D555-6A7B-4494-886E-E53B25816754}"
EndProject
Project("{8BC9CEB8-8B4A-11D0-8D11-00A0C91BC942}") = "Looping maze", "Looping maze\Looping maze.vcxproj", "{FF0CC1A6-C975-4174-BE70-E1D9CF0B7256}"
EndProject
Project("{8BC9CEB8-8B4A-11D0-8D11-00A0C91BC942}") = "Fortune cookie", "Fortune cookie\Fortune cookie.vcxproj", "{64B8E808-2322-4ACC-AF41-5C26D2B5D392}"
EndProject
Project("{8BC9CEB8-8B4A-11D0-8D11-00A0C91BC942}") = "fraction reducer", "fraction reducer\fraction reducer.vcxproj", "{738A97D2-9387-4E43-8718-654E497FFD23}"
EndProject
Project("{8BC9CEB8-8B4A-11D0-8D11-00A0C91BC942}") = "root Reducer", "root Reducer\root Reducer.vcxproj", "{23A04235-62F6-44D1-83EF-C11ECFE18720}"
EndProject
Project("{8BC9CEB8-8B4A-11D0-8D11-00A0C91BC942}") = "vector", "vector\vector.vcxproj", "{F72DA914-5B49-4B6E-B48F-7627D5CF89C1}"
EndProject
Project("{8BC9CEB8-8B4A-11D0-8D11-00A0C91BC942}") = "Vector Multi", "Vector Multi\Vector Multi.vcxproj", "{4518D2A4-6E58-4A0A-A802-3341F3A751B2}"
EndProject
Project("{8BC9CEB8-8B4A-11D0-8D11-00A0C91BC942}") = "Fortune cookie vector", "Fortune cookie vector\Fortune cookie vector.vcxproj", "{F8416414-9A5B-4CFC-9CDE-6623845338BD}"
EndProject
Project("{8BC9CEB8-8B4A-11D0-8D11-00A0C91BC942}") = "look up table", "look up table\look up table.vcxproj", "{B8FB8140-CC36-4B2F-AA70-B13637D0D454}"
EndProject
Project("{8BC9CEB8-8B4A-11D0-8D11-00A0C91BC942}") = "Matrix math", "Matrix math\Matrix math.vcxproj", "{623724ED-23B1-48DC-8B86-29753E3FFD04}"
EndProject
Project("{8BC9CEB8-8B4A-11D0-8D11-00A0C91BC942}") = "cosine and sine", "cosine and sine\cosine and sine.vcxproj", "{3D9B4BC9-35C8-4635-B597-B61723EF5468}"
EndProject
Project("{8BC9CEB8-8B4A-11D0-8D11-00A0C91BC942}") = "Counting on a file", "Counting on a file\Counting on a file.vcxproj", "{EBC16E1E-6EE8-41AF-9BE8-A0B97169CB15}"
EndProject
Project("{8BC9CEB8-8B4A-11D0-8D11-00A0C91BC942}") = "File gs  problem 2", "File gs  problem 2\File gs  problem 2.vcxproj", "{21911E19-7221-4952-B6B6-2EDBA7FDA053}"
EndProject
Project("{8BC9CEB8-8B4A-11D0-8D11-00A0C91BC942}") = "Encrypt and Decrypt", "Encrypt and Decrypt\Encrypt and Decrypt.vcxproj", "{09A28CE5-5236-486F-8CA7-326487B9FDCE}"
EndProject
Project("{8BC9CEB8-8B4A-11D0-8D11-00A0C91BC942}") = "search a Vector", "search a Vector\search a Vector.vcxproj", "{B8DB5928-AE79-4057-992B-9C87CEDE116B}"
EndProject
Global
	GlobalSection(SolutionConfigurationPlatforms) = preSolution
		Debug|x64 = Debug|x64
		Debug|x86 = Debug|x86
		Release|x64 = Release|x64
		Release|x86 = Release|x86
	EndGlobalSection
	GlobalSection(ProjectConfigurationPlatforms) = postSolution
		{E02434D0-DFF3-4BAB-B500-4F0F4B91CEDA}.Debug|x64.ActiveCfg = Debug|x64
		{E02434D0-DFF3-4BAB-B500-4F0F4B91CEDA}.Debug|x64.Build.0 = Debug|x64
		{E02434D0-DFF3-4BAB-B500-4F0F4B91CEDA}.Debug|x86.ActiveCfg = Debug|Win32
		{E02434D0-DFF3-4BAB-B500-4F0F4B91CEDA}.Debug|x86.Build.0 = Debug|Win32
		{E02434D0-DFF3-4BAB-B500-4F0F4B91CEDA}.Release|x64.ActiveCfg = Release|x64
		{E02434D0-DFF3-4BAB-B500-4F0F4B91CEDA}.Release|x64.Build.0 = Release|x64
		{E02434D0-DFF3-4BAB-B500-4F0F4B91CEDA}.Release|x86.ActiveCfg = Release|Win32
		{E02434D0-DFF3-4BAB-B500-4F0F4B91CEDA}.Release|x86.Build.0 = Release|Win32
		{BAD3A9D4-E983-4653-B349-82C84281A027}.Debug|x64.ActiveCfg = Debug|x64
		{BAD3A9D4-E983-4653-B349-82C84281A027}.Debug|x64.Build.0 = Debug|x64
		{BAD3A9D4-E983-4653-B349-82C84281A027}.Debug|x86.ActiveCfg = Debug|Win32
		{BAD3A9D4-E983-4653-B349-82C84281A027}.Debug|x86.Build.0 = Debug|Win32
		{BAD3A9D4-E983-4653-B349-82C84281A027}.Release|x64.ActiveCfg = Release|x64
		{BAD3A9D4-E983-4653-B349-82C84281A027}.Release|x64.Build.0 = Release|x64
		{BAD3A9D4-E983-4653-B349-82C84281A027}.Release|x86.ActiveCfg = Release|Win32
		{BAD3A9D4-E983-4653-B349-82C84281A027}.Release|x86.Build.0 = Release|Win32
		{9174961E-BF6E-4ED8-8988-F6A4E10DFA11}.Debug|x64.ActiveCfg = Debug|x64
		{9174961E-BF6E-4ED8-8988-F6A4E10DFA11}.Debug|x64.Build.0 = Debug|x64
		{9174961E-BF6E-4ED8-8988-F6A4E10DFA11}.Debug|x86.ActiveCfg = Debug|Win32
		{9174961E-BF6E-4ED8-8988-F6A4E10DFA11}.Debug|x86.Build.0 = Debug|Win32
		{9174961E-BF6E-4ED8-8988-F6A4E10DFA11}.Release|x64.ActiveCfg = Release|x64
		{9174961E-BF6E-4ED8-8988-F6A4E10DFA11}.Release|x64.Build.0 = Release|x64
		{9174961E-BF6E-4ED8-8988-F6A4E10DFA11}.Release|x86.ActiveCfg = Release|Win32
		{9174961E-BF6E-4ED8-8988-F6A4E10DFA11}.Release|x86.Build.0 = Release|Win32
		{4789CE5B-5588-46C7-808A-1122B79E888C}.Debug|x64.ActiveCfg = Debug|x64
		{4789CE5B-5588-46C7-808A-1122B79E888C}.Debug|x64.Build.0 = Debug|x64
		{4789CE5B-5588-46C7-808A-1122B79E888C}.Debug|x86.ActiveCfg = Debug|Win32
		{4789CE5B-5588-46C7-808A-1122B79E888C}.Debug|x86.Build.0 = Debug|Win32
		{4789CE5B-5588-46C7-808A-1122B79E888C}.Release|x64.ActiveCfg = Release|x64
		{4789CE5B-5588-46C7-808A-1122B79E888C}.Release|x64.Build.0 = Release|x64
		{4789CE5B-5588-46C7-808A-1122B79E888C}.Release|x86.ActiveCfg = Release|Win32
		{4789CE5B-5588-46C7-808A-1122B79E888C}.Release|x86.Build.0 = Release|Win32
		{9583E893-87BA-4DFB-AAFB-3A3002065EBB}.Debug|x64.ActiveCfg = Debug|x64
		{9583E893-87BA-4DFB-AAFB-3A3002065EBB}.Debug|x64.Build.0 = Debug|x64
		{9583E893-87BA-4DFB-AAFB-3A3002065EBB}.Debug|x86.ActiveCfg = Debug|Win32
		{9583E893-87BA-4DFB-AAFB-3A3002065EBB}.Debug|x86.Build.0 = Debug|Win32
		{9583E893-87BA-4DFB-AAFB-3A3002065EBB}.Release|x64.ActiveCfg = Release|x64
		{9583E893-87BA-4DFB-AAFB-3A3002065EBB}.Release|x64.Build.0 = Release|x64
		{9583E893-87BA-4DFB-AAFB-3A3002065EBB}.Release|x86.ActiveCfg = Release|Win32
		{9583E893-87BA-4DFB-AAFB-3A3002065EBB}.Release|x86.Build.0 = Release|Win32
		{82F747A8-CA42-403B-BFA8-52439CC407E4}.Debug|x64.ActiveCfg = Debug|x64
		{82F747A8-CA42-403B-BFA8-52439CC407E4}.Debug|x64.Build.0 = Debug|x64
		{82F747A8-CA42-403B-BFA8-52439CC407E4}.Debug|x86.ActiveCfg = Debug|Win32
		{82F747A8-CA42-403B-BFA8-52439CC407E4}.Debug|x86.Build.0 = Debug|Win32
		{82F747A8-CA42-403B-BFA8-52439CC407E4}.Release|x64.ActiveCfg = Release|x64
		{82F747A8-CA42-403B-BFA8-52439CC407E4}.Release|x64.Build.0 = Release|x64
		{82F747A8-CA42-403B-BFA8-52439CC407E4}.Release|x86.ActiveCfg = Release|Win32
		{82F747A8-CA42-403B-BFA8-52439CC407E4}.Release|x86.Build.0 = Release|Win32
		{7E713AD1-5DEF-4597-A042-028BC296511B}.Debug|x64.ActiveCfg = Debug|x64
		{7E713AD1-5DEF-4597-A042-028BC296511B}.Debug|x64.Build.0 = Debug|x64
		{7E713AD1-5DEF-4597-A042-028BC296511B}.Debug|x86.ActiveCfg = Debug|Win32
		{7E713AD1-5DEF-4597-A042-028BC296511B}.Debug|x86.Build.0 = Debug|Win32
		{7E713AD1-5DEF-4597-A042-028BC296511B}.Release|x64.ActiveCfg = Release|x64
		{7E713AD1-5DEF-4597-A042-028BC296511B}.Release|x64.Build.0 = Release|x64
		{7E713AD1-5DEF-4597-A042-028BC296511B}.Release|x86.ActiveCfg = Release|Win32
		{7E713AD1-5DEF-4597-A042-028BC296511B}.Release|x86.Build.0 = Release|Win32
		{01F2D997-25B1-4242-A9CC-C6617AAEDFF9}.Debug|x64.ActiveCfg = Debug|x64
		{01F2D997-25B1-4242-A9CC-C6617AAEDFF9}.Debug|x64.Build.0 = Debug|x64
		{01F2D997-25B1-4242-A9CC-C6617AAEDFF9}.Debug|x86.ActiveCfg = Debug|Win32
		{01F2D997-25B1-4242-A9CC-C6617AAEDFF9}.Debug|x86.Build.0 = Debug|Win32
		{01F2D997-25B1-4242-A9CC-C6617AAEDFF9}.Release|x64.ActiveCfg = Release|x64
		{01F2D997-25B1-4242-A9CC-C6617AAEDFF9}.Release|x64.Build.0 = Release|x64
		{01F2D997-25B1-4242-A9CC-C6617AAEDFF9}.Release|x86.ActiveCfg = Release|Win32
		{01F2D997-25B1-4242-A9CC-C6617AAEDFF9}.Release|x86.Build.0 = Release|Win32
		{9EFAD642-8A16-4652-B314-A4257141D94B}.Debug|x64.ActiveCfg = Debug|x64
		{9EFAD642-8A16-4652-B314-A4257141D94B}.Debug|x64.Build.0 = Debug|x64
		{9EFAD642-8A16-4652-B314-A4257141D94B}.Debug|x86.ActiveCfg = Debug|Win32
		{9EFAD642-8A16-4652-B314-A4257141D94B}.Debug|x86.Build.0 = Debug|Win32
		{9EFAD642-8A16-4652-B314-A4257141D94B}.Release|x64.ActiveCfg = Release|x64
		{9EFAD642-8A16-4652-B314-A4257141D94B}.Release|x64.Build.0 = Release|x64
		{9EFAD642-8A16-4652-B314-A4257141D94B}.Release|x86.ActiveCfg = Release|Win32
		{9EFAD642-8A16-4652-B314-A4257141D94B}.Release|x86.Build.0 = Release|Win32
		{994FBD73-EBFC-4E62-AE55-CF33325C2839}.Debug|x64.ActiveCfg = Debug|x64
		{994FBD73-EBFC-4E62-AE55-CF33325C2839}.Debug|x64.Build.0 = Debug|x64
		{994FBD73-EBFC-4E62-AE55-CF33325C2839}.Debug|x86.ActiveCfg = Debug|Win32
		{994FBD73-EBFC-4E62-AE55-CF33325C2839}.Debug|x86.Build.0 = Debug|Win32
		{994FBD73-EBFC-4E62-AE55-CF33325C2839}.Release|x64.ActiveCfg = Release|x64
		{994FBD73-EBFC-4E62-AE55-CF33325C2839}.Release|x64.Build.0 = Release|x64
		{994FBD73-EBFC-4E62-AE55-CF33325C2839}.Release|x86.ActiveCfg = Release|Win32
		{994FBD73-EBFC-4E62-AE55-CF33325C2839}.Release|x86.Build.0 = Release|Win32
		{0E0E7C88-8E06-412C-85CE-42727D70CD8C}.Debug|x64.ActiveCfg = Debug|x64
		{0E0E7C88-8E06-412C-85CE-42727D70CD8C}.Debug|x64.Build.0 = Debug|x64
		{0E0E7C88-8E06-412C-85CE-42727D70CD8C}.Debug|x86.ActiveCfg = Debug|Win32
		{0E0E7C88-8E06-412C-85CE-42727D70CD8C}.Debug|x86.Build.0 = Debug|Win32
		{0E0E7C88-8E06-412C-85CE-42727D70CD8C}.Release|x64.ActiveCfg = Release|x64
		{0E0E7C88-8E06-412C-85CE-42727D70CD8C}.Release|x64.Build.0 = Release|x64
		{0E0E7C88-8E06-412C-85CE-42727D70CD8C}.Release|x86.ActiveCfg = Release|Win32
		{0E0E7C88-8E06-412C-85CE-42727D70CD8C}.Release|x86.Build.0 = Release|Win32
		{4EE8ABFB-6AB5-4CBB-8BB2-16D2363839FE}.Debug|x64.ActiveCfg = Debug|x64
		{4EE8ABFB-6AB5-4CBB-8BB2-16D2363839FE}.Debug|x64.Build.0 = Debug|x64
		{4EE8ABFB-6AB5-4CBB-8BB2-16D2363839FE}.Debug|x86.ActiveCfg = Debug|Win32
		{4EE8ABFB-6AB5-4CBB-8BB2-16D2363839FE}.Debug|x86.Build.0 = Debug|Win32
		{4EE8ABFB-6AB5-4CBB-8BB2-16D2363839FE}.Release|x64.ActiveCfg = Release|x64
		{4EE8ABFB-6AB5-4CBB-8BB2-16D2363839FE}.Release|x64.Build.0 = Release|x64
		{4EE8ABFB-6AB5-4CBB-8BB2-16D2363839FE}.Release|x86.ActiveCfg = Release|Win32
		{4EE8ABFB-6AB5-4CBB-8BB2-16D2363839FE}.Release|x86.Build.0 = Release|Win32
		{FA22DF4E-3E6E-4762-9A78-FDE9A7C6AA6C}.Debug|x64.ActiveCfg = Debug|x64
		{FA22DF4E-3E6E-4762-9A78-FDE9A7C6AA6C}.Debug|x64.Build.0 = Debug|x64
		{FA22DF4E-3E6E-4762-9A78-FDE9A7C6AA6C}.Debug|x86.ActiveCfg = Debug|Win32
		{FA22DF4E-3E6E-4762-9A78-FDE9A7C6AA6C}.Debug|x86.Build.0 = Debug|Win32
		{FA22DF4E-3E6E-4762-9A78-FDE9A7C6AA6C}.Release|x64.ActiveCfg = Release|x64
		{FA22DF4E-3E6E-4762-9A78-FDE9A7C6AA6C}.Release|x64.Build.0 = Release|x64
		{FA22DF4E-3E6E-4762-9A78-FDE9A7C6AA6C}.Release|x86.ActiveCfg = Release|Win32
		{FA22DF4E-3E6E-4762-9A78-FDE9A7C6AA6C}.Release|x86.Build.0 = Release|Win32
		{261F99C7-C0A9-448B-826D-2651A4900D96}.Debug|x64.ActiveCfg = Debug|x64
		{261F99C7-C0A9-448B-826D-2651A4900D96}.Debug|x64.Build.0 = Debug|x64
		{261F99C7-C0A9-448B-826D-2651A4900D96}.Debug|x86.ActiveCfg = Debug|Win32
		{261F99C7-C0A9-448B-826D-2651A4900D96}.Debug|x86.Build.0 = Debug|Win32
		{261F99C7-C0A9-448B-826D-2651A4900D96}.Release|x64.ActiveCfg = Release|x64
		{261F99C7-C0A9-448B-826D-2651A4900D96}.Release|x64.Build.0 = Release|x64
		{261F99C7-C0A9-448B-826D-2651A4900D96}.Release|x86.ActiveCfg = Release|Win32
		{261F99C7-C0A9-448B-826D-2651A4900D96}.Release|x86.Build.0 = Release|Win32
		{CF8CB6F8-213D-4B05-B534-60DA5166416E}.Debug|x64.ActiveCfg = Debug|x64
		{CF8CB6F8-213D-4B05-B534-60DA5166416E}.Debug|x64.Build.0 = Debug|x64
		{CF8CB6F8-213D-4B05-B534-60DA5166416E}.Debug|x86.ActiveCfg = Debug|Win32
		{CF8CB6F8-213D-4B05-B534-60DA5166416E}.Debug|x86.Build.0 = Debug|Win32
		{CF8CB6F8-213D-4B05-B534-60DA5166416E}.Release|x64.ActiveCfg = Release|x64
		{CF8CB6F8-213D-4B05-B534-60DA5166416E}.Release|x64.Build.0 = Release|x64
		{CF8CB6F8-213D-4B05-B534-60DA5166416E}.Release|x86.ActiveCfg = Release|Win32
		{CF8CB6F8-213D-4B05-B534-60DA5166416E}.Release|x86.Build.0 = Release|Win32
		{16D24358-5019-4610-B511-9FD2DD8730B4}.Debug|x64.ActiveCfg = Debug|x64
		{16D24358-5019-4610-B511-9FD2DD8730B4}.Debug|x64.Build.0 = Debug|x64
		{16D24358-5019-4610-B511-9FD2DD8730B4}.Debug|x86.ActiveCfg = Debug|Win32
		{16D24358-5019-4610-B511-9FD2DD8730B4}.Debug|x86.Build.0 = Debug|Win32
		{16D24358-5019-4610-B511-9FD2DD8730B4}.Release|x64.ActiveCfg = Release|x64
		{16D24358-5019-4610-B511-9FD2DD8730B4}.Release|x64.Build.0 = Release|x64
		{16D24358-5019-4610-B511-9FD2DD8730B4}.Release|x86.ActiveCfg = Release|Win32
		{16D24358-5019-4610-B511-9FD2DD8730B4}.Release|x86.Build.0 = Release|Win32
		{BA046D0E-8EBE-4BAE-8123-A3EF977ED262}.Debug|x64.ActiveCfg = Debug|x64
		{BA046D0E-8EBE-4BAE-8123-A3EF977ED262}.Debug|x64.Build.0 = Debug|x64
		{BA046D0E-8EBE-4BAE-8123-A3EF977ED262}.Debug|x86.ActiveCfg = Debug|Win32
		{BA046D0E-8EBE-4BAE-8123-A3EF977ED262}.Debug|x86.Build.0 = Debug|Win32
		{BA046D0E-8EBE-4BAE-8123-A3EF977ED262}.Release|x64.ActiveCfg = Release|x64
		{BA046D0E-8EBE-4BAE-8123-A3EF977ED262}.Release|x64.Build.0 = Release|x64
		{BA046D0E-8EBE-4BAE-8123-A3EF977ED262}.Release|x86.ActiveCfg = Release|Win32
		{BA046D0E-8EBE-4BAE-8123-A3EF977ED262}.Release|x86.Build.0 = Release|Win32
		{3AC30E2E-C44A-4E6F-9970-4E7FC431B839}.Debug|x64.ActiveCfg = Debug|x64
		{3AC30E2E-C44A-4E6F-9970-4E7FC431B839}.Debug|x64.Build.0 = Debug|x64
		{3AC30E2E-C44A-4E6F-9970-4E7FC431B839}.Debug|x86.ActiveCfg = Debug|Win32
		{3AC30E2E-C44A-4E6F-9970-4E7FC431B839}.Debug|x86.Build.0 = Debug|Win32
		{3AC30E2E-C44A-4E6F-9970-4E7FC431B839}.Release|x64.ActiveCfg = Release|x64
		{3AC30E2E-C44A-4E6F-9970-4E7FC431B839}.Release|x64.Build.0 = Release|x64
		{3AC30E2E-C44A-4E6F-9970-4E7FC431B839}.Release|x86.ActiveCfg = Release|Win32
		{3AC30E2E-C44A-4E6F-9970-4E7FC431B839}.Release|x86.Build.0 = Release|Win32
		{5925A46C-67EE-49D0-B1F0-80C3267DBDD8}.Debug|x64.ActiveCfg = Debug|x64
		{5925A46C-67EE-49D0-B1F0-80C3267DBDD8}.Debug|x64.Build.0 = Debug|x64
		{5925A46C-67EE-49D0-B1F0-80C3267DBDD8}.Debug|x86.ActiveCfg = Debug|Win32
		{5925A46C-67EE-49D0-B1F0-80C3267DBDD8}.Debug|x86.Build.0 = Debug|Win32
		{5925A46C-67EE-49D0-B1F0-80C3267DBDD8}.Release|x64.ActiveCfg = Release|x64
		{5925A46C-67EE-49D0-B1F0-80C3267DBDD8}.Release|x64.Build.0 = Release|x64
		{5925A46C-67EE-49D0-B1F0-80C3267DBDD8}.Release|x86.ActiveCfg = Release|Win32
		{5925A46C-67EE-49D0-B1F0-80C3267DBDD8}.Release|x86.Build.0 = Release|Win32
		{1278D555-6A7B-4494-886E-E53B25816754}.Debug|x64.ActiveCfg = Debug|x64
		{1278D555-6A7B-4494-886E-E53B25816754}.Debug|x64.Build.0 = Debug|x64
		{1278D555-6A7B-4494-886E-E53B25816754}.Debug|x86.ActiveCfg = Debug|Win32
		{1278D555-6A7B-4494-886E-E53B25816754}.Debug|x86.Build.0 = Debug|Win32
		{1278D555-6A7B-4494-886E-E53B25816754}.Release|x64.ActiveCfg = Release|x64
		{1278D555-6A7B-4494-886E-E53B25816754}.Release|x64.Build.0 = Release|x64
		{1278D555-6A7B-4494-886E-E53B25816754}.Release|x86.ActiveCfg = Release|Win32
		{1278D555-6A7B-4494-886E-E53B25816754}.Release|x86.Build.0 = Release|Win32
		{FF0CC1A6-C975-4174-BE70-E1D9CF0B7256}.Debug|x64.ActiveCfg = Debug|x64
		{FF0CC1A6-C975-4174-BE70-E1D9CF0B7256}.Debug|x64.Build.0 = Debug|x64
		{FF0CC1A6-C975-4174-BE70-E1D9CF0B7256}.Debug|x86.ActiveCfg = Debug|Win32
		{FF0CC1A6-C975-4174-BE70-E1D9CF0B7256}.Debug|x86.Build.0 = Debug|Win32
		{FF0CC1A6-C975-4174-BE70-E1D9CF0B7256}.Release|x64.ActiveCfg = Release|x64
		{FF0CC1A6-C975-4174-BE70-E1D9CF0B7256}.Release|x64.Build.0 = Release|x64
		{FF0CC1A6-C975-4174-BE70-E1D9CF0B7256}.Release|x86.ActiveCfg = Release|Win32
		{FF0CC1A6-C975-4174-BE70-E1D9CF0B7256}.Release|x86.Build.0 = Release|Win32
		{64B8E808-2322-4ACC-AF41-5C26D2B5D392}.Debug|x64.ActiveCfg = Debug|x64
		{64B8E808-2322-4ACC-AF41-5C26D2B5D392}.Debug|x64.Build.0 = Debug|x64
		{64B8E808-2322-4ACC-AF41-5C26D2B5D392}.Debug|x86.ActiveCfg = Debug|Win32
		{64B8E808-2322-4ACC-AF41-5C26D2B5D392}.Debug|x86.Build.0 = Debug|Win32
		{64B8E808-2322-4ACC-AF41-5C26D2B5D392}.Release|x64.ActiveCfg = Release|x64
		{64B8E808-2322-4ACC-AF41-5C26D2B5D392}.Release|x64.Build.0 = Release|x64
		{64B8E808-2322-4ACC-AF41-5C26D2B5D392}.Release|x86.ActiveCfg = Release|Win32
		{64B8E808-2322-4ACC-AF41-5C26D2B5D392}.Release|x86.Build.0 = Release|Win32
		{738A97D2-9387-4E43-8718-654E497FFD23}.Debug|x64.ActiveCfg = Debug|x64
		{738A97D2-9387-4E43-8718-654E497FFD23}.Debug|x64.Build.0 = Debug|x64
		{738A97D2-9387-4E43-8718-654E497FFD23}.Debug|x86.ActiveCfg = Debug|Win32
		{738A97D2-9387-4E43-8718-654E497FFD23}.Debug|x86.Build.0 = Debug|Win32
		{738A97D2-9387-4E43-8718-654E497FFD23}.Release|x64.ActiveCfg = Release|x64
		{738A97D2-9387-4E43-8718-654E497FFD23}.Release|x64.Build.0 = Release|x64
		{738A97D2-9387-4E43-8718-654E497FFD23}.Release|x86.ActiveCfg = Release|Win32
		{738A97D2-9387-4E43-8718-654E497FFD23}.Release|x86.Build.0 = Release|Win32
		{23A04235-62F6-44D1-83EF-C11ECFE18720}.Debug|x64.ActiveCfg = Debug|x64
		{23A04235-62F6-44D1-83EF-C11ECFE18720}.Debug|x64.Build.0 = Debug|x64
		{23A04235-62F6-44D1-83EF-C11ECFE18720}.Debug|x86.ActiveCfg = Debug|Win32
		{23A04235-62F6-44D1-83EF-C11ECFE18720}.Debug|x86.Build.0 = Debug|Win32
		{23A04235-62F6-44D1-83EF-C11ECFE18720}.Release|x64.ActiveCfg = Release|x64
		{23A04235-62F6-44D1-83EF-C11ECFE18720}.Release|x64.Build.0 = Release|x64
		{23A04235-62F6-44D1-83EF-C11ECFE18720}.Release|x86.ActiveCfg = Release|Win32
		{23A04235-62F6-44D1-83EF-C11ECFE18720}.Release|x86.Build.0 = Release|Win32
		{F72DA914-5B49-4B6E-B48F-7627D5CF89C1}.Debug|x64.ActiveCfg = Debug|x64
		{F72DA914-5B49-4B6E-B48F-7627D5CF89C1}.Debug|x64.Build.0 = Debug|x64
		{F72DA914-5B49-4B6E-B48F-7627D5CF89C1}.Debug|x86.ActiveCfg = Debug|Win32
		{F72DA914-5B49-4B6E-B48F-7627D5CF89C1}.Debug|x86.Build.0 = Debug|Win32
		{F72DA914-5B49-4B6E-B48F-7627D5CF89C1}.Release|x64.ActiveCfg = Release|x64
		{F72DA914-5B49-4B6E-B48F-7627D5CF89C1}.Release|x64.Build.0 = Release|x64
		{F72DA914-5B49-4B6E-B48F-7627D5CF89C1}.Release|x86.ActiveCfg = Release|Win32
		{F72DA914-5B49-4B6E-B48F-7627D5CF89C1}.Release|x86.Build.0 = Release|Win32
		{4518D2A4-6E58-4A0A-A802-3341F3A751B2}.Debug|x64.ActiveCfg = Debug|x64
		{4518D2A4-6E58-4A0A-A802-3341F3A751B2}.Debug|x64.Build.0 = Debug|x64
		{4518D2A4-6E58-4A0A-A802-3341F3A751B2}.Debug|x86.ActiveCfg = Debug|Win32
		{4518D2A4-6E58-4A0A-A802-3341F3A751B2}.Debug|x86.Build.0 = Debug|Win32
		{4518D2A4-6E58-4A0A-A802-3341F3A751B2}.Release|x64.ActiveCfg = Release|x64
		{4518D2A4-6E58-4A0A-A802-3341F3A751B2}.Release|x64.Build.0 = Release|x64
		{4518D2A4-6E58-4A0A-A802-3341F3A751B2}.Release|x86.ActiveCfg = Release|Win32
		{4518D2A4-6E58-4A0A-A802-3341F3A751B2}.Release|x86.Build.0 = Release|Win32
		{F8416414-9A5B-4CFC-9CDE-6623845338BD}.Debug|x64.ActiveCfg = Debug|x64
		{F8416414-9A5B-4CFC-9CDE-6623845338BD}.Debug|x64.Build.0 = Debug|x64
		{F8416414-9A5B-4CFC-9CDE-6623845338BD}.Debug|x86.ActiveCfg = Debug|Win32
		{F8416414-9A5B-4CFC-9CDE-6623845338BD}.Debug|x86.Build.0 = Debug|Win32
		{F8416414-9A5B-4CFC-9CDE-6623845338BD}.Release|x64.ActiveCfg = Release|x64
		{F8416414-9A5B-4CFC-9CDE-6623845338BD}.Release|x64.Build.0 = Release|x64
		{F8416414-9A5B-4CFC-9CDE-6623845338BD}.Release|x86.ActiveCfg = Release|Win32
		{F8416414-9A5B-4CFC-9CDE-6623845338BD}.Release|x86.Build.0 = Release|Win32
		{B8FB8140-CC36-4B2F-AA70-B13637D0D454}.Debug|x64.ActiveCfg = Debug|x64
		{B8FB8140-CC36-4B2F-AA70-B13637D0D454}.Debug|x64.Build.0 = Debug|x64
		{B8FB8140-CC36-4B2F-AA70-B13637D0D454}.Debug|x86.ActiveCfg = Debug|Win32
		{B8FB8140-CC36-4B2F-AA70-B13637D0D454}.Debug|x86.Build.0 = Debug|Win32
		{B8FB8140-CC36-4B2F-AA70-B13637D0D454}.Release|x64.ActiveCfg = Release|x64
		{B8FB8140-CC36-4B2F-AA70-B13637D0D454}.Release|x64.Build.0 = Release|x64
		{B8FB8140-CC36-4B2F-AA70-B13637D0D454}.Release|x86.ActiveCfg = Release|Win32
		{B8FB8140-CC36-4B2F-AA70-B13637D0D454}.Release|x86.Build.0 = Release|Win32
		{623724ED-23B1-48DC-8B86-29753E3FFD04}.Debug|x64.ActiveCfg = Debug|x64
		{623724ED-23B1-48DC-8B86-29753E3FFD04}.Debug|x64.Build.0 = Debug|x64
		{623724ED-23B1-48DC-8B86-29753E3FFD04}.Debug|x86.ActiveCfg = Debug|Win32
		{623724ED-23B1-48DC-8B86-29753E3FFD04}.Debug|x86.Build.0 = Debug|Win32
		{623724ED-23B1-48DC-8B86-29753E3FFD04}.Release|x64.ActiveCfg = Release|x64
		{623724ED-23B1-48DC-8B86-29753E3FFD04}.Release|x64.Build.0 = Release|x64
		{623724ED-23B1-48DC-8B86-29753E3FFD04}.Release|x86.ActiveCfg = Release|Win32
		{623724ED-23B1-48DC-8B86-29753E3FFD04}.Release|x86.Build.0 = Release|Win32
		{3D9B4BC9-35C8-4635-B597-B61723EF5468}.Debug|x64.ActiveCfg = Debug|x64
		{3D9B4BC9-35C8-4635-B597-B61723EF5468}.Debug|x64.Build.0 = Debug|x64
		{3D9B4BC9-35C8-4635-B597-B61723EF5468}.Debug|x86.ActiveCfg = Debug|Win32
		{3D9B4BC9-35C8-4635-B597-B61723EF5468}.Debug|x86.Build.0 = Debug|Win32
		{3D9B4BC9-35C8-4635-B597-B61723EF5468}.Release|x64.ActiveCfg = Release|x64
		{3D9B4BC9-35C8-4635-B597-B61723EF5468}.Release|x64.Build.0 = Release|x64
		{3D9B4BC9-35C8-4635-B597-B61723EF5468}.Release|x86.ActiveCfg = Release|Win32
		{3D9B4BC9-35C8-4635-B597-B61723EF5468}.Release|x86.Build.0 = Release|Win32
		{EBC16E1E-6EE8-41AF-9BE8-A0B97169CB15}.Debug|x64.ActiveCfg = Debug|x64
		{EBC16E1E-6EE8-41AF-9BE8-A0B97169CB15}.Debug|x64.Build.0 = Debug|x64
		{EBC16E1E-6EE8-41AF-9BE8-A0B97169CB15}.Debug|x86.ActiveCfg = Debug|Win32
		{EBC16E1E-6EE8-41AF-9BE8-A0B97169CB15}.Debug|x86.Build.0 = Debug|Win32
		{EBC16E1E-6EE8-41AF-9BE8-A0B97169CB15}.Release|x64.ActiveCfg = Release|x64
		{EBC16E1E-6EE8-41AF-9BE8-A0B97169CB15}.Release|x64.Build.0 = Release|x64
		{EBC16E1E-6EE8-41AF-9BE8-A0B97169CB15}.Release|x86.ActiveCfg = Release|Win32
		{EBC16E1E-6EE8-41AF-9BE8-A0B97169CB15}.Release|x86.Build.0 = Release|Win32
		{21911E19-7221-4952-B6B6-2EDBA7FDA053}.Debug|x64.ActiveCfg = Debug|x64
		{21911E19-7221-4952-B6B6-2EDBA7FDA053}.Debug|x64.Build.0 = Debug|x64
		{21911E19-7221-4952-B6B6-2EDBA7FDA053}.Debug|x86.ActiveCfg = Debug|Win32
		{21911E19-7221-4952-B6B6-2EDBA7FDA053}.Debug|x86.Build.0 = Debug|Win32
		{21911E19-7221-4952-B6B6-2EDBA7FDA053}.Release|x64.ActiveCfg = Release|x64
		{21911E19-7221-4952-B6B6-2EDBA7FDA053}.Release|x64.Build.0 = Release|x64
		{21911E19-7221-4952-B6B6-2EDBA7FDA053}.Release|x86.ActiveCfg = Release|Win32
		{21911E19-7221-4952-B6B6-2EDBA7FDA053}.Release|x86.Build.0 = Release|Win32
		{09A28CE5-5236-486F-8CA7-326487B9FDCE}.Debug|x64.ActiveCfg = Debug|x64
		{09A28CE5-5236-486F-8CA7-326487B9FDCE}.Debug|x64.Build.0 = Debug|x64
		{09A28CE5-5236-486F-8CA7-326487B9FDCE}.Debug|x86.ActiveCfg = Debug|Win32
		{09A28CE5-5236-486F-8CA7-326487B9FDCE}.Debug|x86.Build.0 = Debug|Win32
		{09A28CE5-5236-486F-8CA7-326487B9FDCE}.Release|x64.ActiveCfg = Release|x64
		{09A28CE5-5236-486F-8CA7-326487B9FDCE}.Release|x64.Build.0 = Release|x64
		{09A28CE5-5236-486F-8CA7-326487B9FDCE}.Release|x86.ActiveCfg = Release|Win32
		{09A28CE5-5236-486F-8CA7-326487B9FDCE}.Release|x86.Build.0 = Release|Win32
		{B8DB5928-AE79-4057-992B-9C87CEDE116B}.Debug|x64.ActiveCfg = Debug|x64
		{B8DB5928-AE79-4057-992B-9C87CEDE116B}.Debug|x64.Build.0 = Debug|x64
		{B8DB5928-AE79-4057-992B-9C87CEDE116B}.Debug|x86.ActiveCfg = Debug|Win32
		{B8DB5928-AE79-4057-992B-9C87CEDE116B}.Debug|x86.Build.0 = Debug|Win32
		{B8DB5928-AE79-4057-992B-9C87CEDE116B}.Release|x64.ActiveCfg = Release|x64
		{B8DB5928-AE79-4057-992B-9C87CEDE116B}.Release|x64.Build.0 = Release|x64
		{B8DB5928-AE79-4057-992B-9C87CEDE116B}.Release|x86.ActiveCfg = Release|Win32
		{B8DB5928-AE79-4057-992B-9C87CEDE116B}.Release|x86.Build.0 = Release|Win32
	EndGlobalSection
	GlobalSection(SolutionProperties) = preSolution
		HideSolutionNode = FALSE
	EndGlobalSection
	GlobalSection(ExtensibilityGlobals) = postSolution
		SolutionGuid = {EE8274A4-468C-4ABE-AAF3-4CACE744E244}
	EndGlobalSection
EndGlobal
